// !$*UTF8*$!
{
	archiveVersion = 1;
	classes = {
	};
	objectVersion = 46;
	objects = {

/* Begin PBXBuildFile section */
		B6B3F37B1BB0540B009C73B0 /* main.m in Sources */ = {isa = PBXBuildFile; fileRef = B6B3F37A1BB0540B009C73B0 /* main.m */; };
		B6B3F37E1BB0540B009C73B0 /* AppDelegate.m in Sources */ = {isa = PBXBuildFile; fileRef = B6B3F37D1BB0540B009C73B0 /* AppDelegate.m */; };
		B6B3F3811BB0540B009C73B0 /* MasterViewController.m in Sources */ = {isa = PBXBuildFile; fileRef = B6B3F3801BB0540B009C73B0 /* MasterViewController.m */; };
		B6B3F3841BB0540B009C73B0 /* DetailViewController.m in Sources */ = {isa = PBXBuildFile; fileRef = B6B3F3831BB0540B009C73B0 /* DetailViewController.m */; };
		B6B3F3871BB0540B009C73B0 /* Main.storyboard in Resources */ = {isa = PBXBuildFile; fileRef = B6B3F3851BB0540B009C73B0 /* Main.storyboard */; };
		B6B3F3891BB0540B009C73B0 /* Assets.xcassets in Resources */ = {isa = PBXBuildFile; fileRef = B6B3F3881BB0540B009C73B0 /* Assets.xcassets */; };
		B6B3F38C1BB0540B009C73B0 /* LaunchScreen.storyboard in Resources */ = {isa = PBXBuildFile; fileRef = B6B3F38A1BB0540B009C73B0 /* LaunchScreen.storyboard */; };
		B6B3F3951BB0554F009C73B0 /* Person.m in Sources */ = {isa = PBXBuildFile; fileRef = B6B3F3941BB0554F009C73B0 /* Person.m */; settings = {ASSET_TAGS = (); }; };
		B6B3F3981BB05560009C73B0 /* Datasource.m in Sources */ = {isa = PBXBuildFile; fileRef = B6B3F3971BB05560009C73B0 /* Datasource.m */; settings = {ASSET_TAGS = (); }; };
		B6B3F39A1BB060B9009C73B0 /* CoreSpotlight.framework in Frameworks */ = {isa = PBXBuildFile; fileRef = B6B3F3991BB060B9009C73B0 /* CoreSpotlight.framework */; };
		B6B3F39E1BB063B4009C73B0 /* 1.png in Resources */ = {isa = PBXBuildFile; fileRef = B6B3F39B1BB063B4009C73B0 /* 1.png */; settings = {ASSET_TAGS = (); }; };
		B6B3F39F1BB063B4009C73B0 /* 2.png in Resources */ = {isa = PBXBuildFile; fileRef = B6B3F39C1BB063B4009C73B0 /* 2.png */; settings = {ASSET_TAGS = (); }; };
		B6B3F3A01BB063B4009C73B0 /* 3.png in Resources */ = {isa = PBXBuildFile; fileRef = B6B3F39D1BB063B4009C73B0 /* 3.png */; settings = {ASSET_TAGS = (); }; };
/* End PBXBuildFile section */

/* Begin PBXFileReference section */
		B6B3F3761BB0540B009C73B0 /* CoreSpotlightAPIsDemo.app */ = {isa = PBXFileReference; explicitFileType = wrapper.application; includeInIndex = 0; path = CoreSpotlightAPIsDemo.app; sourceTree = BUILT_PRODUCTS_DIR; };
		B6B3F37A1BB0540B009C73B0 /* main.m */ = {isa = PBXFileReference; lastKnownFileType = sourcecode.c.objc; path = main.m; sourceTree = "<group>"; };
		B6B3F37C1BB0540B009C73B0 /* AppDelegate.h */ = {isa = PBXFileReference; lastKnownFileType = sourcecode.c.h; path = AppDelegate.h; sourceTree = "<group>"; };
		B6B3F37D1BB0540B009C73B0 /* AppDelegate.m */ = {isa = PBXFileReference; lastKnownFileType = sourcecode.c.objc; path = AppDelegate.m; sourceTree = "<group>"; };
		B6B3F37F1BB0540B009C73B0 /* MasterViewController.h */ = {isa = PBXFileReference; lastKnownFileType = sourcecode.c.h; path = MasterViewController.h; sourceTree = "<group>"; };
		B6B3F3801BB0540B009C73B0 /* MasterViewController.m */ = {isa = PBXFileReference; lastKnownFileType = sourcecode.c.objc; path = MasterViewController.m; sourceTree = "<group>"; };
		B6B3F3821BB0540B009C73B0 /* DetailViewController.h */ = {isa = PBXFileReference; lastKnownFileType = sourcecode.c.h; path = DetailViewController.h; sourceTree = "<group>"; };
		B6B3F3831BB0540B009C73B0 /* DetailViewController.m */ = {isa = PBXFileReference; lastKnownFileType = sourcecode.c.objc; path = DetailViewController.m; sourceTree = "<group>"; };
		B6B3F3861BB0540B009C73B0 /* Base */ = {isa = PBXFileReference; lastKnownFileType = file.storyboard; name = Base; path = Base.lproj/Main.storyboard; sourceTree = "<group>"; };
		B6B3F3881BB0540B009C73B0 /* Assets.xcassets */ = {isa = PBXFileReference; lastKnownFileType = folder.assetcatalog; path = Assets.xcassets; sourceTree = "<group>"; };
		B6B3F38B1BB0540B009C73B0 /* Base */ = {isa = PBXFileReference; lastKnownFileType = file.storyboard; name = Base; path = Base.lproj/LaunchScreen.storyboard; sourceTree = "<group>"; };
		B6B3F38D1BB0540B009C73B0 /* Info.plist */ = {isa = PBXFileReference; lastKnownFileType = text.plist.xml; path = Info.plist; sourceTree = "<group>"; };
		B6B3F3931BB0554F009C73B0 /* Person.h */ = {isa = PBXFileReference; fileEncoding = 4; lastKnownFileType = sourcecode.c.h; path = Person.h; sourceTree = "<group>"; };
		B6B3F3941BB0554F009C73B0 /* Person.m */ = {isa = PBXFileReference; fileEncoding = 4; lastKnownFileType = sourcecode.c.objc; path = Person.m; sourceTree = "<group>"; };
		B6B3F3961BB05560009C73B0 /* Datasource.h */ = {isa = PBXFileReference; fileEncoding = 4; lastKnownFileType = sourcecode.c.h; path = Datasource.h; sourceTree = "<group>"; };
		B6B3F3971BB05560009C73B0 /* Datasource.m */ = {isa = PBXFileReference; fileEncoding = 4; lastKnownFileType = sourcecode.c.objc; path = Datasource.m; sourceTree = "<group>"; };
		B6B3F3991BB060B9009C73B0 /* CoreSpotlight.framework */ = {isa = PBXFileReference; lastKnownFileType = wrapper.framework; name = CoreSpotlight.framework; path = System/Library/Frameworks/CoreSpotlight.framework; sourceTree = SDKROOT; };
		B6B3F39B1BB063B4009C73B0 /* 1.png */ = {isa = PBXFileReference; lastKnownFileType = image.png; path = 1.png; sourceTree = "<group>"; };
		B6B3F39C1BB063B4009C73B0 /* 2.png */ = {isa = PBXFileReference; lastKnownFileType = image.png; path = 2.png; sourceTree = "<group>"; };
		B6B3F39D1BB063B4009C73B0 /* 3.png */ = {isa = PBXFileReference; lastKnownFileType = image.png; path = 3.png; sourceTree = "<group>"; };
/* End PBXFileReference section */

/* Begin PBXFrameworksBuildPhase section */
		B6B3F3731BB0540B009C73B0 /* Frameworks */ = {
			isa = PBXFrameworksBuildPhase;
			buildActionMask = 2147483647;
			files = (
				B6B3F39A1BB060B9009C73B0 /* CoreSpotlight.framework in Frameworks */,
			);
			runOnlyForDeploymentPostprocessing = 0;
		};
/* End PBXFrameworksBuildPhase section */

/* Begin PBXGroup section */
		B6B3F36D1BB0540B009C73B0 = {
			isa = PBXGroup;
			children = (
				B6B3F3781BB0540B009C73B0 /* CoreSpotlightAPIsDemo */,
				B6B3F3A11BB06FC1009C73B0 /* Framework */,
				B6B3F3771BB0540B009C73B0 /* Products */,
			);
			sourceTree = "<group>";
		};
		B6B3F3771BB0540B009C73B0 /* Products */ = {
			isa = PBXGroup;
			children = (
				B6B3F3761BB0540B009C73B0 /* CoreSpotlightAPIsDemo.app */,
			);
			name = Products;
			sourceTree = "<group>";
		};
		B6B3F3781BB0540B009C73B0 /* CoreSpotlightAPIsDemo */ = {
			isa = PBXGroup;
			children = (
				B6B3F37C1BB0540B009C73B0 /* AppDelegate.h */,
				B6B3F37D1BB0540B009C73B0 /* AppDelegate.m */,
				B6B3F37F1BB0540B009C73B0 /* MasterViewController.h */,
				B6B3F3801BB0540B009C73B0 /* MasterViewController.m */,
				B6B3F3821BB0540B009C73B0 /* DetailViewController.h */,
				B6B3F3831BB0540B009C73B0 /* DetailViewController.m */,
				B6B3F3851BB0540B009C73B0 /* Main.storyboard */,
				B6B3F3881BB0540B009C73B0 /* Assets.xcassets */,
				B6B3F38A1BB0540B009C73B0 /* LaunchScreen.storyboard */,
				B6B3F38D1BB0540B009C73B0 /* Info.plist */,
				B6B3F3791BB0540B009C73B0 /* Supporting Files */,
				B6B3F3931BB0554F009C73B0 /* Person.h */,
				B6B3F3941BB0554F009C73B0 /* Person.m */,
				B6B3F3961BB05560009C73B0 /* Datasource.h */,
				B6B3F3971BB05560009C73B0 /* Datasource.m */,
			);
			path = CoreSpotlightAPIsDemo;
			sourceTree = "<group>";
		};
		B6B3F3791BB0540B009C73B0 /* Supporting Files */ = {
			isa = PBXGroup;
			children = (
				B6B3F39B1BB063B4009C73B0 /* 1.png */,
				B6B3F39C1BB063B4009C73B0 /* 2.png */,
				B6B3F39D1BB063B4009C73B0 /* 3.png */,
				B6B3F37A1BB0540B009C73B0 /* main.m */,
			);
			name = "Supporting Files";
			sourceTree = "<group>";
		};
		B6B3F3A11BB06FC1009C73B0 /* Framework */ = {
			isa = PBXGroup;
			children = (
				B6B3F3991BB060B9009C73B0 /* CoreSpotlight.framework */,
			);
			name = Framework;
			sourceTree = "<group>";
		};
/* End PBXGroup section */

/* Begin PBXNativeTarget section */
		B6B3F3751BB0540B009C73B0 /* CoreSpotlightAPIsDemo */ = {
			isa = PBXNativeTarget;
			buildConfigurationList = B6B3F3901BB0540B009C73B0 /* Build configuration list for PBXNativeTarget "CoreSpotlightAPIsDemo" */;
			buildPhases = (
				B6B3F3721BB0540B009C73B0 /* Sources */,
				B6B3F3731BB0540B009C73B0 /* Frameworks */,
				B6B3F3741BB0540B009C73B0 /* Resources */,
			);
			buildRules = (
			);
			dependencies = (
			);
			name = CoreSpotlightAPIsDemo;
			productName = CoreSpotlightAPIsDemo;
			productReference = B6B3F3761BB0540B009C73B0 /* CoreSpotlightAPIsDemo.app */;
			productType = "com.apple.product-type.application";
		};
/* End PBXNativeTarget section */

/* Begin PBXProject section */
		B6B3F36E1BB0540B009C73B0 /* Project object */ = {
			isa = PBXProject;
			attributes = {
				LastUpgradeCheck = 0700;
				ORGANIZATIONNAME = kang.yu.sh;
				TargetAttributes = {
					B6B3F3751BB0540B009C73B0 = {
						CreatedOnToolsVersion = 7.0;
					};
				};
			};
			buildConfigurationList = B6B3F3711BB0540B009C73B0 /* Build configuration list for PBXProject "CoreSpotlightAPIsDemo" */;
			compatibilityVersion = "Xcode 3.2";
			developmentRegion = English;
			hasScannedForEncodings = 0;
			knownRegions = (
				en,
				Base,
			);
			mainGroup = B6B3F36D1BB0540B009C73B0;
			productRefGroup = B6B3F3771BB0540B009C73B0 /* Products */;
			projectDirPath = "";
			projectRoot = "";
			targets = (
				B6B3F3751BB0540B009C73B0 /* CoreSpotlightAPIsDemo */,
			);
		};
/* End PBXProject section */

/* Begin PBXResourcesBuildPhase section */
		B6B3F3741BB0540B009C73B0 /* Resources */ = {
			isa = PBXResourcesBuildPhase;
			buildActionMask = 2147483647;
			files = (
				B6B3F38C1BB0540B009C73B0 /* LaunchScreen.storyboard in Resources */,
				B6B3F39E1BB063B4009C73B0 /* 1.png in Resources */,
				B6B3F39F1BB063B4009C73B0 /* 2.png in Resources */,
				B6B3F3A01BB063B4009C73B0 /* 3.png in Resources */,
				B6B3F3891BB0540B009C73B0 /* Assets.xcassets in Resources */,
				B6B3F3871BB0540B009C73B0 /* Main.storyboard in Resources */,
			);
			runOnlyForDeploymentPostprocessing = 0;
		};
/* End PBXResourcesBuildPhase section */

/* Begin PBXSourcesBuildPhase section */
		B6B3F3721BB0540B009C73B0 /* Sources */ = {
			isa = PBXSourcesBuildPhase;
			buildActionMask = 2147483647;
			files = (
				B6B3F3981BB05560009C73B0 /* Datasource.m in Sources */,
				B6B3F37E1BB0540B009C73B0 /* AppDelegate.m in Sources */,
				B6B3F3811BB0540B009C73B0 /* MasterViewController.m in Sources */,
				B6B3F3951BB0554F009C73B0 /* Person.m in Sources */,
				B6B3F37B1BB0540B009C73B0 /* main.m in Sources */,
				B6B3F3841BB0540B009C73B0 /* DetailViewController.m in Sources */,
			);
			runOnlyForDeploymentPostprocessing = 0;
		};
/* End PBXSourcesBuildPhase section */

/* Begin PBXVariantGroup section */
		B6B3F3851BB0540B009C73B0 /* Main.storyboard */ = {
			isa = PBXVariantGroup;
			children = (
				B6B3F3861BB0540B009C73B0 /* Base */,
			);
			name = Main.storyboard;
			sourceTree = "<group>";
		};
		B6B3F38A1BB0540B009C73B0 /* LaunchScreen.storyboard */ = {
			isa = PBXVariantGroup;
			children = (
				B6B3F38B1BB0540B009C73B0 /* Base */,
			);
			name = LaunchScreen.storyboard;
			sourceTree = "<group>";
		};
/* End PBXVariantGroup section */

/* Begin XCBuildConfiguration section */
		B6B3F38E1BB0540B009C73B0 /* Debug */ = {
			isa = XCBuildConfiguration;
			buildSettings = {
				ALWAYS_SEARCH_USER_PATHS = NO;
				CLANG_CXX_LANGUAGE_STANDARD = "gnu++0x";
				CLANG_CXX_LIBRARY = "libc++";
				CLANG_ENABLE_MODULES = YES;
				CLANG_ENABLE_OBJC_ARC = YES;
				CLANG_WARN_BOOL_CONVERSION = YES;
				CLANG_WARN_CONSTANT_CONVERSION = YES;
				CLANG_WARN_DIRECT_OBJC_ISA_USAGE = YES_ERROR;
				CLANG_WARN_EMPTY_BODY = YES;
				CLANG_WARN_ENUM_CONVERSION = YES;
				CLANG_WARN_INT_CONVERSION = YES;
				CLANG_WARN_OBJC_ROOT_CLASS = YES_ERROR;
				CLANG_WARN_UNREACHABLE_CODE = YES;
				CLANG_WARN__DUPLICATE_METHOD_MATCH = YES;
				"CODE_SIGN_IDENTITY[sdk=iphoneos*]" = "iPhone Developer";
				COPY_PHASE_STRIP = NO;
				DEBUG_INFORMATION_FORMAT = dwarf;
				ENABLE_STRICT_OBJC_MSGSEND = YES;
				ENABLE_TESTABILITY = YES;
				GCC_C_LANGUAGE_STANDARD = gnu99;
				GCC_DYNAMIC_NO_PIC = NO;
				GCC_NO_COMMON_BLOCKS = YES;
				GCC_OPTIMIZATION_LEVEL = 0;
				GCC_PREPROCESSOR_DEFINITIONS = (
					"DEBUG=1",
					"$(inherited)",
				);
				GCC_WARN_64_TO_32_BIT_CONVERSION = YES;
				GCC_WARN_ABOUT_RETURN_TYPE = YES_ERROR;
				GCC_WARN_UNDECLARED_SELECTOR = YES;
				GCC_WARN_UNINITIALIZED_AUTOS = YES_AGGRESSIVE;
				GCC_WARN_UNUSED_FUNCTION = YES;
				GCC_WARN_UNUSED_VARIABLE = YES;
				IPHONEOS_DEPLOYMENT_TARGET = 9.0;
				MTL_ENABLE_DEBUG_INFO = YES;
				ONLY_ACTIVE_ARCH = YES;
				SDKROOT = iphoneos;
			};
			name = Debug;
		};
		B6B3F38F1BB0540B009C73B0 /* Release */ = {
			isa = XCBuildConfiguration;
			buildSettings = {
				ALWAYS_SEARCH_USER_PATHS = NO;
				CLANG_CXX_LANGUAGE_STANDARD = "gnu++0x";
				CLANG_CXX_LIBRARY = "libc++";
				CLANG_ENABLE_MODULES = YES;
				CLANG_ENABLE_OBJC_ARC = YES;
				CLANG_WARN_BOOL_CONVERSION = YES;
				CLANG_WARN_CONSTANT_CONVERSION = YES;
				CLANG_WARN_DIRECT_OBJC_ISA_USAGE = YES_ERROR;
				CLANG_WARN_EMPTY_BODY = YES;
				CLANG_WARN_ENUM_CONVERSION = YES;
				CLANG_WARN_INT_CONVERSION = YES;
				CLANG_WARN_OBJC_ROOT_CLASS = YES_ERROR;
				CLANG_WARN_UNREACHABLE_CODE = YES;
				CLANG_WARN__DUPLICATE_METHOD_MATCH = YES;
				"CODE_SIGN_IDENTITY[sdk=iphoneos*]" = "iPhone Developer";
				COPY_PHASE_STRIP = NO;
				DEBUG_INFORMATION_FORMAT = "dwarf-with-dsym";
				ENABLE_NS_ASSERTIONS = NO;
				ENABLE_STRICT_OBJC_MSGSEND = YES;
				GCC_C_LANGUAGE_STANDARD = gnu99;
				GCC_NO_COMMON_BLOCKS = YES;
				GCC_WARN_64_TO_32_BIT_CONVERSION = YES;
				GCC_WARN_ABOUT_RETURN_TYPE = YES_ERROR;
				GCC_WARN_UNDECLARED_SELECTOR = YES;
				GCC_WARN_UNINITIALIZED_AUTOS = YES_AGGRESSIVE;
				GCC_WARN_UNUSED_FUNCTION = YES;
				GCC_WARN_UNUSED_VARIABLE = YES;
				IPHONEOS_DEPLOYMENT_TARGET = 9.0;
				MTL_ENABLE_DEBUG_INFO = NO;
				SDKROOT = iphoneos;
				VALIDATE_PRODUCT = YES;
			};
			name = Release;
		};
		B6B3F3911BB0540B009C73B0 /* Debug */ = {
			isa = XCBuildConfiguration;
			buildSettings = {
				ASSETCATALOG_COMPILER_APPICON_NAME = AppIcon;
				INFOPLIST_FILE = CoreSpotlightAPIsDemo/Info.plist;
				LD_RUNPATH_SEARCH_PATHS = "$(inherited) @executable_path/Frameworks";
				PRODUCT_BUNDLE_IDENTIFIER = DianPing.CoreSpotlightAPIsDemo;
				PRODUCT_NAME = "$(TARGET_NAME)";
			};
			name = Debug;
		};
		B6B3F3921BB0540B009C73B0 /* Release */ = {
			isa = XCBuildConfiguration;
			buildSettings = {
				ASSETCATALOG_COMPILER_APPICON_NAME = AppIcon;
				INFOPLIST_FILE = CoreSpotlightAPIsDemo/Info.plist;
				LD_RUNPATH_SEARCH_PATHS = "$(inherited) @executable_path/Frameworks";
				PRODUCT_BUNDLE_IDENTIFIER = DianPing.CoreSpotlightAPIsDemo;
				PRODUCT_NAME = "$(TARGET_NAME)";
			};
			name = Release;
		};
/* End XCBuildConfiguration section */

/* Begin XCConfigurationList section */
		B6B3F3711BB0540B009C73B0 /* Build configuration list for PBXProject "CoreSpotlightAPIsDemo" */ = {
			isa = XCConfigurationList;
			buildConfigurations = (
				B6B3F38E1BB0540B009C73B0 /* Debug */,
				B6B3F38F1BB0540B009C73B0 /* Release */,
			);
			defaultConfigurationIsVisible = 0;
			defaultConfigurationName = Release;
		};
		B6B3F3901BB0540B009C73B0 /* Build configuration list for PBXNativeTarget "CoreSpotlightAPIsDemo" */ = {
			isa = XCConfigurationList;
			buildConfigurations = (
				B6B3F3911BB0540B009C73B0 /* Debug */,
				B6B3F3921BB0540B009C73B0 /* Release */,
			);
			defaultConfigurationIsVisible = 0;
		};
/* End XCConfigurationList section */
	};
	rootObject = B6B3F36E1BB0540B009C73B0 /* Project object */;
}
